// !$*UTF8*$!
{
	archiveVersion = 1;
	classes = {
	};
	objectVersion = 46;
	objects = {

/* Begin PBXBuildFile section */
		1D74C1571B652DA000C20DBA /* main.m in Sources */ = {isa = PBXBuildFile; fileRef = 1D74C1561B652DA000C20DBA /* main.m */; };
		1D74C15A1B652DA000C20DBA /* AppDelegate.m in Sources */ = {isa = PBXBuildFile; fileRef = 1D74C1591B652DA000C20DBA /* AppDelegate.m */; };
		1D74C15D1B652DA000C20DBA /* ViewController.m in Sources */ = {isa = PBXBuildFile; fileRef = 1D74C15C1B652DA000C20DBA /* ViewController.m */; };
		1D74C1601B652DA000C20DBA /* Main.storyboard in Resources */ = {isa = PBXBuildFile; fileRef = 1D74C15E1B652DA000C20DBA /* Main.storyboard */; };
		1D74C1621B652DA000C20DBA /* Images.xcassets in Resources */ = {isa = PBXBuildFile; fileRef = 1D74C1611B652DA000C20DBA /* Images.xcassets */; };
		1D74C1651B652DA000C20DBA /* LaunchScreen.xib in Resources */ = {isa = PBXBuildFile; fileRef = 1D74C1631B652DA000C20DBA /* LaunchScreen.xib */; };
		1D74C17C1B652DFF00C20DBA /* ChirldrenViewController.m in Sources */ = {isa = PBXBuildFile; fileRef = 1D74C17B1B652DFF00C20DBA /* ChirldrenViewController.m */; };
		1D7AFDC21FB310E100363C09 /* IAWDetectedScrollPanGesture.m in Sources */ = {isa = PBXBuildFile; fileRef = 1D7AFDBA1FB310E000363C09 /* IAWDetectedScrollPanGesture.m */; };
		1D7AFDC31FB310E100363C09 /* IAWTransitionObject.m in Sources */ = {isa = PBXBuildFile; fileRef = 1D7AFDBC1FB310E000363C09 /* IAWTransitionObject.m */; };
		1D7AFDC41FB310E100363C09 /* UIViewControllerAnimatedTransition.m in Sources */ = {isa = PBXBuildFile; fileRef = 1D7AFDBE1FB310E000363C09 /* UIViewControllerAnimatedTransition.m */; };
		1D7AFDC51FB310E100363C09 /* UIViewController+DragToDismiss.m in Sources */ = {isa = PBXBuildFile; fileRef = 1D7AFDC11FB310E000363C09 /* UIViewController+DragToDismiss.m */; };
		1D7AFDCA1FB3119E00363C09 /* UINavigationController+DragToDismiss.m in Sources */ = {isa = PBXBuildFile; fileRef = 1D7AFDC91FB3119E00363C09 /* UINavigationController+DragToDismiss.m */; };
		1D7AFDD01FB358D200363C09 /* IAWPresentationController.m in Sources */ = {isa = PBXBuildFile; fileRef = 1D7AFDCF1FB358D200363C09 /* IAWPresentationController.m */; };
		552F844E5D5E6709BD9F6315 /* libPods-TransitionViewController.a in Frameworks */ = {isa = PBXBuildFile; fileRef = CC4E4EAC472DE2112E151243 /* libPods-TransitionViewController.a */; };
/* End PBXBuildFile section */

/* Begin PBXFileReference section */
		02FE579680581F0376C0FA5A /* Pods-TransitionViewController.debug.xcconfig */ = {isa = PBXFileReference; includeInIndex = 1; lastKnownFileType = text.xcconfig; name = "Pods-TransitionViewController.debug.xcconfig"; path = "Pods/Target Support Files/Pods-TransitionViewController/Pods-TransitionViewController.debug.xcconfig"; sourceTree = "<group>"; };
		1D74C1511B652DA000C20DBA /* TransitionViewController.app */ = {isa = PBXFileReference; explicitFileType = wrapper.application; includeInIndex = 0; path = TransitionViewController.app; sourceTree = BUILT_PRODUCTS_DIR; };
		1D74C1551B652DA000C20DBA /* Info.plist */ = {isa = PBXFileReference; lastKnownFileType = text.plist.xml; path = Info.plist; sourceTree = "<group>"; };
		1D74C1561B652DA000C20DBA /* main.m */ = {isa = PBXFileReference; lastKnownFileType = sourcecode.c.objc; path = main.m; sourceTree = "<group>"; };
		1D74C1581B652DA000C20DBA /* AppDelegate.h */ = {isa = PBXFileReference; lastKnownFileType = sourcecode.c.h; path = AppDelegate.h; sourceTree = "<group>"; };
		1D74C1591B652DA000C20DBA /* AppDelegate.m */ = {isa = PBXFileReference; lastKnownFileType = sourcecode.c.objc; path = AppDelegate.m; sourceTree = "<group>"; };
		1D74C15B1B652DA000C20DBA /* ViewController.h */ = {isa = PBXFileReference; lastKnownFileType = sourcecode.c.h; path = ViewController.h; sourceTree = "<group>"; };
		1D74C15C1B652DA000C20DBA /* ViewController.m */ = {isa = PBXFileReference; lastKnownFileType = sourcecode.c.objc; path = ViewController.m; sourceTree = "<group>"; };
		1D74C15F1B652DA000C20DBA /* Base */ = {isa = PBXFileReference; lastKnownFileType = file.storyboard; name = Base; path = Base.lproj/Main.storyboard; sourceTree = "<group>"; };
		1D74C1611B652DA000C20DBA /* Images.xcassets */ = {isa = PBXFileReference; lastKnownFileType = folder.assetcatalog; path = Images.xcassets; sourceTree = "<group>"; };
		1D74C1641B652DA000C20DBA /* Base */ = {isa = PBXFileReference; lastKnownFileType = file.xib; name = Base; path = Base.lproj/LaunchScreen.xib; sourceTree = "<group>"; };
		1D74C17A1B652DFF00C20DBA /* ChirldrenViewController.h */ = {isa = PBXFileReference; fileEncoding = 4; lastKnownFileType = sourcecode.c.h; path = ChirldrenViewController.h; sourceTree = "<group>"; };
		1D74C17B1B652DFF00C20DBA /* ChirldrenViewController.m */ = {isa = PBXFileReference; fileEncoding = 4; lastKnownFileType = sourcecode.c.objc; path = ChirldrenViewController.m; sourceTree = "<group>"; };
		1D7AFDB91FB310E000363C09 /* IAWDetectedScrollPanGesture.h */ = {isa = PBXFileReference; fileEncoding = 4; lastKnownFileType = sourcecode.c.h; path = IAWDetectedScrollPanGesture.h; sourceTree = "<group>"; };
		1D7AFDBA1FB310E000363C09 /* IAWDetectedScrollPanGesture.m */ = {isa = PBXFileReference; fileEncoding = 4; lastKnownFileType = sourcecode.c.objc; path = IAWDetectedScrollPanGesture.m; sourceTree = "<group>"; };
		1D7AFDBB1FB310E000363C09 /* IAWTransitionObject.h */ = {isa = PBXFileReference; fileEncoding = 4; lastKnownFileType = sourcecode.c.h; path = IAWTransitionObject.h; sourceTree = "<group>"; };
		1D7AFDBC1FB310E000363C09 /* IAWTransitionObject.m */ = {isa = PBXFileReference; fileEncoding = 4; lastKnownFileType = sourcecode.c.objc; path = IAWTransitionObject.m; sourceTree = "<group>"; };
		1D7AFDBD1FB310E000363C09 /* UIViewControllerAnimatedTransition.h */ = {isa = PBXFileReference; fileEncoding = 4; lastKnownFileType = sourcecode.c.h; path = UIViewControllerAnimatedTransition.h; sourceTree = "<group>"; };
		1D7AFDBE1FB310E000363C09 /* UIViewControllerAnimatedTransition.m */ = {isa = PBXFileReference; fileEncoding = 4; lastKnownFileType = sourcecode.c.objc; path = UIViewControllerAnimatedTransition.m; sourceTree = "<group>"; };
		1D7AFDC01FB310E000363C09 /* UIViewController+DragToDismiss.h */ = {isa = PBXFileReference; fileEncoding = 4; lastKnownFileType = sourcecode.c.h; path = "UIViewController+DragToDismiss.h"; sourceTree = "<group>"; };
		1D7AFDC11FB310E000363C09 /* UIViewController+DragToDismiss.m */ = {isa = PBXFileReference; fileEncoding = 4; lastKnownFileType = sourcecode.c.objc; path = "UIViewController+DragToDismiss.m"; sourceTree = "<group>"; };
		1D7AFDC71FB3113800363C09 /* UINavigationController+DragToDismiss.h */ = {isa = PBXFileReference; lastKnownFileType = sourcecode.c.h; path = "UINavigationController+DragToDismiss.h"; sourceTree = "<group>"; };
		1D7AFDC91FB3119E00363C09 /* UINavigationController+DragToDismiss.m */ = {isa = PBXFileReference; fileEncoding = 4; lastKnownFileType = sourcecode.c.objc; path = "UINavigationController+DragToDismiss.m"; sourceTree = "<group>"; };
		1D7AFDCE1FB358D200363C09 /* IAWPresentationController.h */ = {isa = PBXFileReference; lastKnownFileType = sourcecode.c.h; path = IAWPresentationController.h; sourceTree = "<group>"; };
		1D7AFDCF1FB358D200363C09 /* IAWPresentationController.m */ = {isa = PBXFileReference; lastKnownFileType = sourcecode.c.objc; path = IAWPresentationController.m; sourceTree = "<group>"; };
		7A8465A8343EEB7492C0D7D5 /* Pods-TransitionViewController.release.xcconfig */ = {isa = PBXFileReference; includeInIndex = 1; lastKnownFileType = text.xcconfig; name = "Pods-TransitionViewController.release.xcconfig"; path = "Pods/Target Support Files/Pods-TransitionViewController/Pods-TransitionViewController.release.xcconfig"; sourceTree = "<group>"; };
		CC4E4EAC472DE2112E151243 /* libPods-TransitionViewController.a */ = {isa = PBXFileReference; explicitFileType = archive.ar; includeInIndex = 0; path = "libPods-TransitionViewController.a"; sourceTree = BUILT_PRODUCTS_DIR; };
/* End PBXFileReference section */

/* Begin PBXFrameworksBuildPhase section */
		1D74C14E1B652DA000C20DBA /* Frameworks */ = {
			isa = PBXFrameworksBuildPhase;
			buildActionMask = 2147483647;
			files = (
				552F844E5D5E6709BD9F6315 /* libPods-TransitionViewController.a in Frameworks */,
			);
			runOnlyForDeploymentPostprocessing = 0;
		};
/* End PBXFrameworksBuildPhase section */

/* Begin PBXGroup section */
		1D09A3111B6B923200E9EAF7 /* SourceFile */ = {
			isa = PBXGroup;
			children = (
				1D7AFDBF1FB310E000363C09 /* Extension */,
				1D7AFDB81FB310E000363C09 /* Transition */,
			);
			path = SourceFile;
			sourceTree = "<group>";
		};
		1D74C1481B652DA000C20DBA = {
			isa = PBXGroup;
			children = (
				1D74C1531B652DA000C20DBA /* TransitionViewController */,
				1D74C1521B652DA000C20DBA /* Products */,
				BE7DD12B468F12F7C7070DCF /* Pods */,
				771464CE6203D911D45A3257 /* Frameworks */,
			);
			sourceTree = "<group>";
		};
		1D74C1521B652DA000C20DBA /* Products */ = {
			isa = PBXGroup;
			children = (
				1D74C1511B652DA000C20DBA /* TransitionViewController.app */,
			);
			name = Products;
			sourceTree = "<group>";
		};
		1D74C1531B652DA000C20DBA /* TransitionViewController */ = {
			isa = PBXGroup;
			children = (
				1D09A3111B6B923200E9EAF7 /* SourceFile */,
				1D74C1581B652DA000C20DBA /* AppDelegate.h */,
				1D74C1591B652DA000C20DBA /* AppDelegate.m */,
				1D74C15B1B652DA000C20DBA /* ViewController.h */,
				1D74C15C1B652DA000C20DBA /* ViewController.m */,
				1D74C17A1B652DFF00C20DBA /* ChirldrenViewController.h */,
				1D74C17B1B652DFF00C20DBA /* ChirldrenViewController.m */,
				1D74C15E1B652DA000C20DBA /* Main.storyboard */,
				1D74C1611B652DA000C20DBA /* Images.xcassets */,
				1D74C1631B652DA000C20DBA /* LaunchScreen.xib */,
				1D74C1541B652DA000C20DBA /* Supporting Files */,
			);
			path = TransitionViewController;
			sourceTree = "<group>";
		};
		1D74C1541B652DA000C20DBA /* Supporting Files */ = {
			isa = PBXGroup;
			children = (
				1D74C1551B652DA000C20DBA /* Info.plist */,
				1D74C1561B652DA000C20DBA /* main.m */,
			);
			name = "Supporting Files";
			sourceTree = "<group>";
		};
		1D7AFDB81FB310E000363C09 /* Transition */ = {
			isa = PBXGroup;
			children = (
				1D7AFDB91FB310E000363C09 /* IAWDetectedScrollPanGesture.h */,
				1D7AFDBA1FB310E000363C09 /* IAWDetectedScrollPanGesture.m */,
				1D7AFDBB1FB310E000363C09 /* IAWTransitionObject.h */,
				1D7AFDBC1FB310E000363C09 /* IAWTransitionObject.m */,
				1D7AFDBD1FB310E000363C09 /* UIViewControllerAnimatedTransition.h */,
				1D7AFDBE1FB310E000363C09 /* UIViewControllerAnimatedTransition.m */,
				1D7AFDCE1FB358D200363C09 /* IAWPresentationController.h */,
				1D7AFDCF1FB358D200363C09 /* IAWPresentationController.m */,
			);
			path = Transition;
			sourceTree = "<group>";
		};
		1D7AFDBF1FB310E000363C09 /* Extension */ = {
			isa = PBXGroup;
			children = (
				1D7AFDC01FB310E000363C09 /* UIViewController+DragToDismiss.h */,
				1D7AFDC11FB310E000363C09 /* UIViewController+DragToDismiss.m */,
				1D7AFDC71FB3113800363C09 /* UINavigationController+DragToDismiss.h */,
				1D7AFDC91FB3119E00363C09 /* UINavigationController+DragToDismiss.m */,
			);
			path = Extension;
			sourceTree = "<group>";
		};
		771464CE6203D911D45A3257 /* Frameworks */ = {
			isa = PBXGroup;
			children = (
				CC4E4EAC472DE2112E151243 /* libPods-TransitionViewController.a */,
			);
			name = Frameworks;
			sourceTree = "<group>";
		};
		BE7DD12B468F12F7C7070DCF /* Pods */ = {
			isa = PBXGroup;
			children = (
				02FE579680581F0376C0FA5A /* Pods-TransitionViewController.debug.xcconfig */,
				7A8465A8343EEB7492C0D7D5 /* Pods-TransitionViewController.release.xcconfig */,
			);
			name = Pods;
			sourceTree = "<group>";
		};
/* End PBXGroup section */

/* Begin PBXNativeTarget section */
		1D74C1501B652DA000C20DBA /* TransitionViewController */ = {
			isa = PBXNativeTarget;
			buildConfigurationList = 1D74C1741B652DA000C20DBA /* Build configuration list for PBXNativeTarget "TransitionViewController" */;
			buildPhases = (
				64FF7E4E378C1A3CFA02C30E /* [CP] Check Pods Manifest.lock */,
				1D74C14D1B652DA000C20DBA /* Sources */,
				1D74C14E1B652DA000C20DBA /* Frameworks */,
				1D74C14F1B652DA000C20DBA /* Resources */,
				EF7588AFDD29D5FE1AE88113 /* [CP] Embed Pods Frameworks */,
				F5F1FBCAB7CD2076A5A4DA67 /* [CP] Copy Pods Resources */,
			);
			buildRules = (
			);
			dependencies = (
			);
			name = TransitionViewController;
			productName = TransitionViewController;
			productReference = 1D74C1511B652DA000C20DBA /* TransitionViewController.app */;
			productType = "com.apple.product-type.application";
		};
/* End PBXNativeTarget section */

/* Begin PBXProject section */
		1D74C1491B652DA000C20DBA /* Project object */ = {
			isa = PBXProject;
			attributes = {
				LastUpgradeCheck = 0630;
				ORGANIZATIONNAME = ThuyenBV;
				TargetAttributes = {
					1D74C1501B652DA000C20DBA = {
						CreatedOnToolsVersion = 6.3;
						DevelopmentTeam = HRJ3G63Q48;
					};
				};
			};
			buildConfigurationList = 1D74C14C1B652DA000C20DBA /* Build configuration list for PBXProject "TransitionViewController" */;
			compatibilityVersion = "Xcode 3.2";
			developmentRegion = English;
			hasScannedForEncodings = 0;
			knownRegions = (
				en,
				Base,
			);
			mainGroup = 1D74C1481B652DA000C20DBA;
			productRefGroup = 1D74C1521B652DA000C20DBA /* Products */;
			projectDirPath = "";
			projectRoot = "";
			targets = (
				1D74C1501B652DA000C20DBA /* TransitionViewController */,
			);
		};
/* End PBXProject section */

/* Begin PBXResourcesBuildPhase section */
		1D74C14F1B652DA000C20DBA /* Resources */ = {
			isa = PBXResourcesBuildPhase;
			buildActionMask = 2147483647;
			files = (
				1D74C1601B652DA000C20DBA /* Main.storyboard in Resources */,
				1D74C1651B652DA000C20DBA /* LaunchScreen.xib in Resources */,
				1D74C1621B652DA000C20DBA /* Images.xcassets in Resources */,
			);
			runOnlyForDeploymentPostprocessing = 0;
		};
/* End PBXResourcesBuildPhase section */

/* Begin PBXShellScriptBuildPhase section */
		64FF7E4E378C1A3CFA02C30E /* [CP] Check Pods Manifest.lock */ = {
			isa = PBXShellScriptBuildPhase;
			buildActionMask = 2147483647;
			files = (
			);
			inputPaths = (
				"${PODS_PODFILE_DIR_PATH}/Podfile.lock",
				"${PODS_ROOT}/Manifest.lock",
			);
			name = "[CP] Check Pods Manifest.lock";
			outputPaths = (
				"$(DERIVED_FILE_DIR)/Pods-TransitionViewController-checkManifestLockResult.txt",
			);
			runOnlyForDeploymentPostprocessing = 0;
			shellPath = /bin/sh;
			shellScript = "diff \"${PODS_PODFILE_DIR_PATH}/Podfile.lock\" \"${PODS_ROOT}/Manifest.lock\" > /dev/null\nif [ $? != 0 ] ; then\n    # print error to STDERR\n    echo \"error: The sandbox is not in sync with the Podfile.lock. Run 'pod install' or update your CocoaPods installation.\" >&2\n    exit 1\nfi\n# This output is used by Xcode 'outputs' to avoid re-running this script phase.\necho \"SUCCESS\" > \"${SCRIPT_OUTPUT_FILE_0}\"\n";
			showEnvVarsInLog = 0;
		};
		EF7588AFDD29D5FE1AE88113 /* [CP] Embed Pods Frameworks */ = {
			isa = PBXShellScriptBuildPhase;
			buildActionMask = 2147483647;
			files = (
			);
			inputPaths = (
			);
			name = "[CP] Embed Pods Frameworks";
			outputPaths = (
			);
			runOnlyForDeploymentPostprocessing = 0;
			shellPath = /bin/sh;
			shellScript = "\"${SRCROOT}/Pods/Target Support Files/Pods-TransitionViewController/Pods-TransitionViewController-frameworks.sh\"\n";
			showEnvVarsInLog = 0;
		};
		F5F1FBCAB7CD2076A5A4DA67 /* [CP] Copy Pods Resources */ = {
			isa = PBXShellScriptBuildPhase;
			buildActionMask = 2147483647;
			files = (
			);
			inputPaths = (
			);
			name = "[CP] Copy Pods Resources";
			outputPaths = (
			);
			runOnlyForDeploymentPostprocessing = 0;
			shellPath = /bin/sh;
			shellScript = "\"${SRCROOT}/Pods/Target Support Files/Pods-TransitionViewController/Pods-TransitionViewController-resources.sh\"\n";
			showEnvVarsInLog = 0;
		};
/* End PBXShellScriptBuildPhase section */

/* Begin PBXSourcesBuildPhase section */
		1D74C14D1B652DA000C20DBA /* Sources */ = {
			isa = PBXSourcesBuildPhase;
			buildActionMask = 2147483647;
			files = (
				1D7AFDC51FB310E100363C09 /* UIViewController+DragToDismiss.m in Sources */,
				1D7AFDCA1FB3119E00363C09 /* UINavigationController+DragToDismiss.m in Sources */,
				1D7AFDC21FB310E100363C09 /* IAWDetectedScrollPanGesture.m in Sources */,
				1D74C15D1B652DA000C20DBA /* ViewController.m in Sources */,
				1D74C15A1B652DA000C20DBA /* AppDelegate.m in Sources */,
				1D7AFDD01FB358D200363C09 /* IAWPresentationController.m in Sources */,
				1D7AFDC31FB310E100363C09 /* IAWTransitionObject.m in Sources */,
				1D74C17C1B652DFF00C20DBA /* ChirldrenViewController.m in Sources */,
				1D74C1571B652DA000C20DBA /* main.m in Sources */,
				1D7AFDC41FB310E100363C09 /* UIViewControllerAnimatedTransition.m in Sources */,
			);
			runOnlyForDeploymentPostprocessing = 0;
		};
/* End PBXSourcesBuildPhase section */

/* Begin PBXVariantGroup section */
		1D74C15E1B652DA000C20DBA /* Main.storyboard */ = {
			isa = PBXVariantGroup;
			children = (
				1D74C15F1B652DA000C20DBA /* Base */,
			);
			name = Main.storyboard;
			sourceTree = "<group>";
		};
		1D74C1631B652DA000C20DBA /* LaunchScreen.xib */ = {
			isa = PBXVariantGroup;
			children = (
				1D74C1641B652DA000C20DBA /* Base */,
			);
			name = LaunchScreen.xib;
			sourceTree = "<group>";
		};
/* End PBXVariantGroup section */

/* Begin XCBuildConfiguration section */
		1D74C1721B652DA000C20DBA /* Debug */ = {
			isa = XCBuildConfiguration;
			buildSettings = {
				ALWAYS_SEARCH_USER_PATHS = NO;
				CLANG_CXX_LANGUAGE_STANDARD = "gnu++0x";
				CLANG_CXX_LIBRARY = "libc++";
				CLANG_ENABLE_MODULES = YES;
				CLANG_ENABLE_OBJC_ARC = YES;
				CLANG_WARN_BOOL_CONVERSION = YES;
				CLANG_WARN_CONSTANT_CONVERSION = YES;
				CLANG_WARN_DIRECT_OBJC_ISA_USAGE = YES_ERROR;
				CLANG_WARN_EMPTY_BODY = YES;
				CLANG_WARN_ENUM_CONVERSION = YES;
				CLANG_WARN_INT_CONVERSION = YES;
				CLANG_WARN_OBJC_ROOT_CLASS = YES_ERROR;
				CLANG_WARN_UNREACHABLE_CODE = YES;
				CLANG_WARN__DUPLICATE_METHOD_MATCH = YES;
				"CODE_SIGN_IDENTITY[sdk=iphoneos*]" = "iPhone Developer";
				COPY_PHASE_STRIP = NO;
				DEBUG_INFORMATION_FORMAT = "dwarf-with-dsym";
				ENABLE_STRICT_OBJC_MSGSEND = YES;
				GCC_C_LANGUAGE_STANDARD = gnu99;
				GCC_DYNAMIC_NO_PIC = NO;
				GCC_NO_COMMON_BLOCKS = YES;
				GCC_OPTIMIZATION_LEVEL = 0;
				GCC_PREPROCESSOR_DEFINITIONS = (
					"DEBUG=1",
					"$(inherited)",
				);
				GCC_SYMBOLS_PRIVATE_EXTERN = NO;
				GCC_WARN_64_TO_32_BIT_CONVERSION = YES;
				GCC_WARN_ABOUT_RETURN_TYPE = YES_ERROR;
				GCC_WARN_UNDECLARED_SELECTOR = YES;
				GCC_WARN_UNINITIALIZED_AUTOS = YES_AGGRESSIVE;
				GCC_WARN_UNUSED_FUNCTION = YES;
				GCC_WARN_UNUSED_VARIABLE = YES;
				IPHONEOS_DEPLOYMENT_TARGET = 8.3;
				MTL_ENABLE_DEBUG_INFO = YES;
				ONLY_ACTIVE_ARCH = YES;
				SDKROOT = iphoneos;
			};
			name = Debug;
		};
		1D74C1731B652DA000C20DBA /* Release */ = {
			isa = XCBuildConfiguration;
			buildSettings = {
				ALWAYS_SEARCH_USER_PATHS = NO;
				CLANG_CXX_LANGUAGE_STANDARD = "gnu++0x";
				CLANG_CXX_LIBRARY = "libc++";
				CLANG_ENABLE_MODULES = YES;
				CLANG_ENABLE_OBJC_ARC = YES;
				CLANG_WARN_BOOL_CONVERSION = YES;
				CLANG_WARN_CONSTANT_CONVERSION = YES;
				CLANG_WARN_DIRECT_OBJC_ISA_USAGE = YES_ERROR;
				CLANG_WARN_EMPTY_BODY = YES;
				CLANG_WARN_ENUM_CONVERSION = YES;
				CLANG_WARN_INT_CONVERSION = YES;
				CLANG_WARN_OBJC_ROOT_CLASS = YES_ERROR;
				CLANG_WARN_UNREACHABLE_CODE = YES;
				CLANG_WARN__DUPLICATE_METHOD_MATCH = YES;
				"CODE_SIGN_IDENTITY[sdk=iphoneos*]" = "iPhone Developer";
				COPY_PHASE_STRIP = NO;
				DEBUG_INFORMATION_FORMAT = "dwarf-with-dsym";
				ENABLE_NS_ASSERTIONS = NO;
				ENABLE_STRICT_OBJC_MSGSEND = YES;
				GCC_C_LANGUAGE_STANDARD = gnu99;
				GCC_NO_COMMON_BLOCKS = YES;
				GCC_WARN_64_TO_32_BIT_CONVERSION = YES;
				GCC_WARN_ABOUT_RETURN_TYPE = YES_ERROR;
				GCC_WARN_UNDECLARED_SELECTOR = YES;
				GCC_WARN_UNINITIALIZED_AUTOS = YES_AGGRESSIVE;
				GCC_WARN_UNUSED_FUNCTION = YES;
				GCC_WARN_UNUSED_VARIABLE = YES;
				IPHONEOS_DEPLOYMENT_TARGET = 8.3;
				MTL_ENABLE_DEBUG_INFO = NO;
				SDKROOT = iphoneos;
				VALIDATE_PRODUCT = YES;
			};
			name = Release;
		};
		1D74C1751B652DA000C20DBA /* Debug */ = {
			isa = XCBuildConfiguration;
			baseConfigurationReference = 02FE579680581F0376C0FA5A /* Pods-TransitionViewController.debug.xcconfig */;
			buildSettings = {
				ASSETCATALOG_COMPILER_APPICON_NAME = AppIcon;
				DEVELOPMENT_TEAM = HRJ3G63Q48;
				INFOPLIST_FILE = TransitionViewController/Info.plist;
				IPHONEOS_DEPLOYMENT_TARGET = 7.0;
				LD_RUNPATH_SEARCH_PATHS = "$(inherited) @executable_path/Frameworks";
				PRODUCT_BUNDLE_IDENTIFIER = com.buvaty.test;
				PRODUCT_NAME = "$(TARGET_NAME)";
			};
			name = Debug;
		};
		1D74C1761B652DA000C20DBA /* Release */ = {
			isa = XCBuildConfiguration;
			baseConfigurationReference = 7A8465A8343EEB7492C0D7D5 /* Pods-TransitionViewController.release.xcconfig */;
			buildSettings = {
				ASSETCATALOG_COMPILER_APPICON_NAME = AppIcon;
				DEVELOPMENT_TEAM = HRJ3G63Q48;
				INFOPLIST_FILE = TransitionViewController/Info.plist;
				IPHONEOS_DEPLOYMENT_TARGET = 7.0;
				LD_RUNPATH_SEARCH_PATHS = "$(inherited) @executable_path/Frameworks";
				PRODUCT_BUNDLE_IDENTIFIER = com.buvaty.test;
				PRODUCT_NAME = "$(TARGET_NAME)";
			};
			name = Release;
		};
/* End XCBuildConfiguration section */

/* Begin XCConfigurationList section */
		1D74C14C1B652DA000C20DBA /* Build configuration list for PBXProject "TransitionViewController" */ = {
			isa = XCConfigurationList;
			buildConfigurations = (
				1D74C1721B652DA000C20DBA /* Debug */,
				1D74C1731B652DA000C20DBA /* Release */,
			);
			defaultConfigurationIsVisible = 0;
			defaultConfigurationName = Release;
		};
		1D74C1741B652DA000C20DBA /* Build configuration list for PBXNativeTarget "TransitionViewController" */ = {
			isa = XCConfigurationList;
			buildConfigurations = (
				1D74C1751B652DA000C20DBA /* Debug */,
				1D74C1761B652DA000C20DBA /* Release */,
			);
			defaultConfigurationIsVisible = 0;
			defaultConfigurationName = Release;
		};
/* End XCConfigurationList section */
	};
	rootObject = 1D74C1491B652DA000C20DBA /* Project object */;
}
